// !$*UTF8*$!
{
	archiveVersion = 1;
	classes = {
	};
	objectVersion = 56;
	objects = {

/* Begin PBXBuildFile section */
		18207B7E297AD155000E8EFC /* AppDelegate.swift in Sources */ = {isa = PBXBuildFile; fileRef = 18207B7D297AD155000E8EFC /* AppDelegate.swift */; };
		18207B80297AD155000E8EFC /* SceneDelegate.swift in Sources */ = {isa = PBXBuildFile; fileRef = 18207B7F297AD155000E8EFC /* SceneDelegate.swift */; };
		18207B85297AD155000E8EFC /* Main.storyboard in Resources */ = {isa = PBXBuildFile; fileRef = 18207B83297AD155000E8EFC /* Main.storyboard */; };
		18207B87297AD157000E8EFC /* Assets.xcassets in Resources */ = {isa = PBXBuildFile; fileRef = 18207B86297AD157000E8EFC /* Assets.xcassets */; };
		18207B8A297AD157000E8EFC /* LaunchScreen.storyboard in Resources */ = {isa = PBXBuildFile; fileRef = 18207B88297AD157000E8EFC /* LaunchScreen.storyboard */; };
		18207B97297AD336000E8EFC /* LoginController.swift in Sources */ = {isa = PBXBuildFile; fileRef = 18207B96297AD336000E8EFC /* LoginController.swift */; };
		18207B99297ADEB1000E8EFC /* Extensions.swift in Sources */ = {isa = PBXBuildFile; fileRef = 18207B98297ADEB1000E8EFC /* Extensions.swift */; };
		18207B9B297C2598000E8EFC /* SignUpController.swift in Sources */ = {isa = PBXBuildFile; fileRef = 18207B9A297C2598000E8EFC /* SignUpController.swift */; };
		18207B9D297C4A09000E8EFC /* AuthButton.swift in Sources */ = {isa = PBXBuildFile; fileRef = 18207B9C297C4A09000E8EFC /* AuthButton.swift */; };
		18207B9F297D4C19000E8EFC /* GoogleService-Info.plist in Resources */ = {isa = PBXBuildFile; fileRef = 18207B9E297D4C19000E8EFC /* GoogleService-Info.plist */; };
		1829534D29814C46007BB880 /* User.swift in Sources */ = {isa = PBXBuildFile; fileRef = 1829534C29814C46007BB880 /* User.swift */; };
		1836D07A298FE562008AEBE8 /* MenuHeader.swift in Sources */ = {isa = PBXBuildFile; fileRef = 1836D079298FE562008AEBE8 /* MenuHeader.swift */; };
		183F92CA2982971500CF05FC /* DriverAnnotation.swift in Sources */ = {isa = PBXBuildFile; fileRef = 183F92C92982971500CF05FC /* DriverAnnotation.swift */; };
		183F92CC298515ED00CF05FC /* RideActionView.swift in Sources */ = {isa = PBXBuildFile; fileRef = 183F92CB298515ED00CF05FC /* RideActionView.swift */; };
		18727E06297EB7D40047811B /* LocationInputActivationView.swift in Sources */ = {isa = PBXBuildFile; fileRef = 18727E05297EB7D40047811B /* LocationInputActivationView.swift */; };
		18727E0A297ECE840047811B /* LocationInputView.swift in Sources */ = {isa = PBXBuildFile; fileRef = 18727E09297ECE840047811B /* LocationInputView.swift */; };
		18886DB1297FFDA4009DF710 /* LocationCell.swift in Sources */ = {isa = PBXBuildFile; fileRef = 18886DB0297FFDA4009DF710 /* LocationCell.swift */; };
		18886DB3298028B5009DF710 /* Service.swift in Sources */ = {isa = PBXBuildFile; fileRef = 18886DB2298028B5009DF710 /* Service.swift */; };
		1891BA3429924D3B00DDD9E7 /* SettingsController.swift in Sources */ = {isa = PBXBuildFile; fileRef = 1891BA3329924D3B00DDD9E7 /* SettingsController.swift */; };
		1891BA362992714000DDD9E7 /* SettingsNavigationController.swift in Sources */ = {isa = PBXBuildFile; fileRef = 1891BA352992714000DDD9E7 /* SettingsNavigationController.swift */; };
		1891BA382992892800DDD9E7 /* UserInfoHeader.swift in Sources */ = {isa = PBXBuildFile; fileRef = 1891BA372992892800DDD9E7 /* UserInfoHeader.swift */; };
		1891BA3B2992B00200DDD9E7 /* AddLocationController.swift in Sources */ = {isa = PBXBuildFile; fileRef = 1891BA3A2992B00200DDD9E7 /* AddLocationController.swift */; };
		18931FEB29869E9B000818DD /* Trip.swift in Sources */ = {isa = PBXBuildFile; fileRef = 18931FEA29869E9B000818DD /* Trip.swift */; };
		18931FED2987DFB8000818DD /* PickupController.swift in Sources */ = {isa = PBXBuildFile; fileRef = 18931FEC2987DFB8000818DD /* PickupController.swift */; };
		18B44071297D8C5100739E91 /* HomeController.swift in Sources */ = {isa = PBXBuildFile; fileRef = 18B44070297D8C5100739E91 /* HomeController.swift */; };
		18B97A4D298165740080B104 /* LocationHandler.swift in Sources */ = {isa = PBXBuildFile; fileRef = 18B97A4C298165740080B104 /* LocationHandler.swift */; };
		18E5739C298FCBE200106C38 /* MenuController.swift in Sources */ = {isa = PBXBuildFile; fileRef = 18E5739B298FCBE200106C38 /* MenuController.swift */; };
		18E5739E298FCC2100106C38 /* ContainerController.swift in Sources */ = {isa = PBXBuildFile; fileRef = 18E5739D298FCC2100106C38 /* ContainerController.swift */; };
		21F0896842EDFED9AFA9541E /* Pods_UberTutorial.framework in Frameworks */ = {isa = PBXBuildFile; fileRef = 8FD85AE6646A0BC1EB877F3C /* Pods_UberTutorial.framework */; };
/* End PBXBuildFile section */

/* Begin PBXFileReference section */
		18207B7A297AD155000E8EFC /* UberTutorial.app */ = {isa = PBXFileReference; explicitFileType = wrapper.application; includeInIndex = 0; path = UberTutorial.app; sourceTree = BUILT_PRODUCTS_DIR; };
		18207B7D297AD155000E8EFC /* AppDelegate.swift */ = {isa = PBXFileReference; lastKnownFileType = sourcecode.swift; path = AppDelegate.swift; sourceTree = "<group>"; };
		18207B7F297AD155000E8EFC /* SceneDelegate.swift */ = {isa = PBXFileReference; lastKnownFileType = sourcecode.swift; path = SceneDelegate.swift; sourceTree = "<group>"; };
		18207B84297AD155000E8EFC /* Base */ = {isa = PBXFileReference; lastKnownFileType = file.storyboard; name = Base; path = Base.lproj/Main.storyboard; sourceTree = "<group>"; };
		18207B86297AD157000E8EFC /* Assets.xcassets */ = {isa = PBXFileReference; lastKnownFileType = folder.assetcatalog; path = Assets.xcassets; sourceTree = "<group>"; };
		18207B89297AD157000E8EFC /* Base */ = {isa = PBXFileReference; lastKnownFileType = file.storyboard; name = Base; path = Base.lproj/LaunchScreen.storyboard; sourceTree = "<group>"; };
		18207B8B297AD157000E8EFC /* Info.plist */ = {isa = PBXFileReference; lastKnownFileType = text.plist.xml; path = Info.plist; sourceTree = "<group>"; };
		18207B96297AD336000E8EFC /* LoginController.swift */ = {isa = PBXFileReference; lastKnownFileType = sourcecode.swift; path = LoginController.swift; sourceTree = "<group>"; };
		18207B98297ADEB1000E8EFC /* Extensions.swift */ = {isa = PBXFileReference; lastKnownFileType = sourcecode.swift; path = Extensions.swift; sourceTree = "<group>"; };
		18207B9A297C2598000E8EFC /* SignUpController.swift */ = {isa = PBXFileReference; lastKnownFileType = sourcecode.swift; path = SignUpController.swift; sourceTree = "<group>"; };
		18207B9C297C4A09000E8EFC /* AuthButton.swift */ = {isa = PBXFileReference; lastKnownFileType = sourcecode.swift; path = AuthButton.swift; sourceTree = "<group>"; };
		18207B9E297D4C19000E8EFC /* GoogleService-Info.plist */ = {isa = PBXFileReference; lastKnownFileType = text.plist; path = "GoogleService-Info.plist"; sourceTree = SOURCE_ROOT; };
		1829534C29814C46007BB880 /* User.swift */ = {isa = PBXFileReference; lastKnownFileType = sourcecode.swift; path = User.swift; sourceTree = "<group>"; };
		1836D079298FE562008AEBE8 /* MenuHeader.swift */ = {isa = PBXFileReference; lastKnownFileType = sourcecode.swift; path = MenuHeader.swift; sourceTree = "<group>"; };
		183F92C92982971500CF05FC /* DriverAnnotation.swift */ = {isa = PBXFileReference; lastKnownFileType = sourcecode.swift; path = DriverAnnotation.swift; sourceTree = "<group>"; };
		183F92CB298515ED00CF05FC /* RideActionView.swift */ = {isa = PBXFileReference; lastKnownFileType = sourcecode.swift; path = RideActionView.swift; sourceTree = "<group>"; };
		18727E05297EB7D40047811B /* LocationInputActivationView.swift */ = {isa = PBXFileReference; lastKnownFileType = sourcecode.swift; path = LocationInputActivationView.swift; sourceTree = "<group>"; };
		18727E09297ECE840047811B /* LocationInputView.swift */ = {isa = PBXFileReference; lastKnownFileType = sourcecode.swift; path = LocationInputView.swift; sourceTree = "<group>"; };
		18886DB0297FFDA4009DF710 /* LocationCell.swift */ = {isa = PBXFileReference; lastKnownFileType = sourcecode.swift; path = LocationCell.swift; sourceTree = "<group>"; };
		18886DB2298028B5009DF710 /* Service.swift */ = {isa = PBXFileReference; lastKnownFileType = sourcecode.swift; path = Service.swift; sourceTree = "<group>"; };
		1891BA3329924D3B00DDD9E7 /* SettingsController.swift */ = {isa = PBXFileReference; lastKnownFileType = sourcecode.swift; path = SettingsController.swift; sourceTree = "<group>"; };
		1891BA352992714000DDD9E7 /* SettingsNavigationController.swift */ = {isa = PBXFileReference; lastKnownFileType = sourcecode.swift; path = SettingsNavigationController.swift; sourceTree = "<group>"; };
		1891BA372992892800DDD9E7 /* UserInfoHeader.swift */ = {isa = PBXFileReference; lastKnownFileType = sourcecode.swift; path = UserInfoHeader.swift; sourceTree = "<group>"; };
		1891BA3A2992B00200DDD9E7 /* AddLocationController.swift */ = {isa = PBXFileReference; lastKnownFileType = sourcecode.swift; path = AddLocationController.swift; sourceTree = "<group>"; };
		18931FEA29869E9B000818DD /* Trip.swift */ = {isa = PBXFileReference; lastKnownFileType = sourcecode.swift; path = Trip.swift; sourceTree = "<group>"; };
		18931FEC2987DFB8000818DD /* PickupController.swift */ = {isa = PBXFileReference; lastKnownFileType = sourcecode.swift; path = PickupController.swift; sourceTree = "<group>"; };
		18B44070297D8C5100739E91 /* HomeController.swift */ = {isa = PBXFileReference; lastKnownFileType = sourcecode.swift; path = HomeController.swift; sourceTree = "<group>"; };
		18B97A4C298165740080B104 /* LocationHandler.swift */ = {isa = PBXFileReference; lastKnownFileType = sourcecode.swift; path = LocationHandler.swift; sourceTree = "<group>"; };
		18E5739B298FCBE200106C38 /* MenuController.swift */ = {isa = PBXFileReference; lastKnownFileType = sourcecode.swift; path = MenuController.swift; sourceTree = "<group>"; };
		18E5739D298FCC2100106C38 /* ContainerController.swift */ = {isa = PBXFileReference; lastKnownFileType = sourcecode.swift; path = ContainerController.swift; sourceTree = "<group>"; };
		3592DD44CC3A90CEE626E61E /* Pods-UberTutorial.debug.xcconfig */ = {isa = PBXFileReference; includeInIndex = 1; lastKnownFileType = text.xcconfig; name = "Pods-UberTutorial.debug.xcconfig"; path = "Target Support Files/Pods-UberTutorial/Pods-UberTutorial.debug.xcconfig"; sourceTree = "<group>"; };
		8FD85AE6646A0BC1EB877F3C /* Pods_UberTutorial.framework */ = {isa = PBXFileReference; explicitFileType = wrapper.framework; includeInIndex = 0; path = Pods_UberTutorial.framework; sourceTree = BUILT_PRODUCTS_DIR; };
		B23F28A1CD35E0A9E024E710 /* Pods-UberTutorial.release.xcconfig */ = {isa = PBXFileReference; includeInIndex = 1; lastKnownFileType = text.xcconfig; name = "Pods-UberTutorial.release.xcconfig"; path = "Target Support Files/Pods-UberTutorial/Pods-UberTutorial.release.xcconfig"; sourceTree = "<group>"; };
/* End PBXFileReference section */

/* Begin PBXFrameworksBuildPhase section */
		18207B77297AD155000E8EFC /* Frameworks */ = {
			isa = PBXFrameworksBuildPhase;
			buildActionMask = 2147483647;
			files = (
				21F0896842EDFED9AFA9541E /* Pods_UberTutorial.framework in Frameworks */,
			);
			runOnlyForDeploymentPostprocessing = 0;
		};
/* End PBXFrameworksBuildPhase section */

/* Begin PBXGroup section */
		18207B71297AD155000E8EFC = {
			isa = PBXGroup;
			children = (
				18207B7C297AD155000E8EFC /* UberTutorial */,
				18207B7B297AD155000E8EFC /* Products */,
				7D23D8C9953D78C8E5215A02 /* Pods */,
				3D74BEF588D5CB87AF32142F /* Frameworks */,
			);
			sourceTree = "<group>";
		};
		18207B7B297AD155000E8EFC /* Products */ = {
			isa = PBXGroup;
			children = (
				18207B7A297AD155000E8EFC /* UberTutorial.app */,
			);
			name = Products;
			sourceTree = "<group>";
		};
		18207B7C297AD155000E8EFC /* UberTutorial */ = {
			isa = PBXGroup;
			children = (
				18207B95297AD1D6000E8EFC /* Model */,
				18207B94297AD1D4000E8EFC /* View */,
				18207B93297AD1CE000E8EFC /* Controller */,
				18207B92297AD1CD000E8EFC /* Service */,
				18207B91297AD1C9000E8EFC /* Utils */,
				18207B7D297AD155000E8EFC /* AppDelegate.swift */,
				18207B7F297AD155000E8EFC /* SceneDelegate.swift */,
				18207B83297AD155000E8EFC /* Main.storyboard */,
				18B97A4C298165740080B104 /* LocationHandler.swift */,
				18207B86297AD157000E8EFC /* Assets.xcassets */,
				18207B88297AD157000E8EFC /* LaunchScreen.storyboard */,
				18207B9E297D4C19000E8EFC /* GoogleService-Info.plist */,
				18207B8B297AD157000E8EFC /* Info.plist */,
			);
			path = UberTutorial;
			sourceTree = "<group>";
		};
		18207B91297AD1C9000E8EFC /* Utils */ = {
			isa = PBXGroup;
			children = (
				18207B98297ADEB1000E8EFC /* Extensions.swift */,
			);
			path = Utils;
			sourceTree = "<group>";
		};
		18207B92297AD1CD000E8EFC /* Service */ = {
			isa = PBXGroup;
			children = (
				18886DB2298028B5009DF710 /* Service.swift */,
			);
			path = Service;
			sourceTree = "<group>";
		};
		18207B93297AD1CE000E8EFC /* Controller */ = {
			isa = PBXGroup;
			children = (
				1891BA392992AFB600DDD9E7 /* Settings */,
				18E5739A298FCBB500106C38 /* SideMenu */,
				18E57399298FCB8000106C38 /* Authentication */,
				18B44070297D8C5100739E91 /* HomeController.swift */,
				18931FEC2987DFB8000818DD /* PickupController.swift */,
			);
			path = Controller;
			sourceTree = "<group>";
		};
		18207B94297AD1D4000E8EFC /* View */ = {
			isa = PBXGroup;
			children = (
				18207B9C297C4A09000E8EFC /* AuthButton.swift */,
				18727E05297EB7D40047811B /* LocationInputActivationView.swift */,
				18727E09297ECE840047811B /* LocationInputView.swift */,
				18886DB0297FFDA4009DF710 /* LocationCell.swift */,
				183F92CB298515ED00CF05FC /* RideActionView.swift */,
				1836D079298FE562008AEBE8 /* MenuHeader.swift */,
				1891BA372992892800DDD9E7 /* UserInfoHeader.swift */,
			);
			path = View;
			sourceTree = "<group>";
		};
		18207B95297AD1D6000E8EFC /* Model */ = {
			isa = PBXGroup;
			children = (
				1829534C29814C46007BB880 /* User.swift */,
				183F92C92982971500CF05FC /* DriverAnnotation.swift */,
				18931FEA29869E9B000818DD /* Trip.swift */,
			);
			path = Model;
			sourceTree = "<group>";
		};
		1891BA392992AFB600DDD9E7 /* Settings */ = {
			isa = PBXGroup;
			children = (
				1891BA3A2992B00200DDD9E7 /* AddLocationController.swift */,
				1891BA3329924D3B00DDD9E7 /* SettingsController.swift */,
				1891BA352992714000DDD9E7 /* SettingsNavigationController.swift */,
			);
			path = Settings;
			sourceTree = "<group>";
		};
		18E57399298FCB8000106C38 /* Authentication */ = {
			isa = PBXGroup;
			children = (
				18207B96297AD336000E8EFC /* LoginController.swift */,
				18207B9A297C2598000E8EFC /* SignUpController.swift */,
			);
			path = Authentication;
			sourceTree = "<group>";
		};
		18E5739A298FCBB500106C38 /* SideMenu */ = {
			isa = PBXGroup;
			children = (
				18E5739B298FCBE200106C38 /* MenuController.swift */,
				18E5739D298FCC2100106C38 /* ContainerController.swift */,
			);
			path = SideMenu;
			sourceTree = "<group>";
		};
		3D74BEF588D5CB87AF32142F /* Frameworks */ = {
			isa = PBXGroup;
			children = (
				8FD85AE6646A0BC1EB877F3C /* Pods_UberTutorial.framework */,
			);
			name = Frameworks;
			sourceTree = "<group>";
		};
		7D23D8C9953D78C8E5215A02 /* Pods */ = {
			isa = PBXGroup;
			children = (
				3592DD44CC3A90CEE626E61E /* Pods-UberTutorial.debug.xcconfig */,
				B23F28A1CD35E0A9E024E710 /* Pods-UberTutorial.release.xcconfig */,
			);
			path = Pods;
			sourceTree = "<group>";
		};
/* End PBXGroup section */

/* Begin PBXNativeTarget section */
		18207B79297AD155000E8EFC /* UberTutorial */ = {
			isa = PBXNativeTarget;
			buildConfigurationList = 18207B8E297AD157000E8EFC /* Build configuration list for PBXNativeTarget "UberTutorial" */;
			buildPhases = (
				277A67F3733C1BFA9BB49E20 /* [CP] Check Pods Manifest.lock */,
				18207B76297AD155000E8EFC /* Sources */,
				18207B77297AD155000E8EFC /* Frameworks */,
				18207B78297AD155000E8EFC /* Resources */,
				50BCABDA938CD5DA5D07C383 /* [CP] Embed Pods Frameworks */,
			);
			buildRules = (
			);
			dependencies = (
			);
			name = UberTutorial;
			productName = UberTutorial;
			productReference = 18207B7A297AD155000E8EFC /* UberTutorial.app */;
			productType = "com.apple.product-type.application";
		};
/* End PBXNativeTarget section */

/* Begin PBXProject section */
		18207B72297AD155000E8EFC /* Project object */ = {
			isa = PBXProject;
			attributes = {
				BuildIndependentTargetsInParallel = 1;
				LastSwiftUpdateCheck = 1420;
				LastUpgradeCheck = 1420;
				TargetAttributes = {
					18207B79297AD155000E8EFC = {
						CreatedOnToolsVersion = 14.2;
					};
				};
			};
			buildConfigurationList = 18207B75297AD155000E8EFC /* Build configuration list for PBXProject "UberTutorial" */;
			compatibilityVersion = "Xcode 14.0";
			developmentRegion = en;
			hasScannedForEncodings = 0;
			knownRegions = (
				en,
				Base,
			);
			mainGroup = 18207B71297AD155000E8EFC;
			productRefGroup = 18207B7B297AD155000E8EFC /* Products */;
			projectDirPath = "";
			projectRoot = "";
			targets = (
				18207B79297AD155000E8EFC /* UberTutorial */,
			);
		};
/* End PBXProject section */

/* Begin PBXResourcesBuildPhase section */
		18207B78297AD155000E8EFC /* Resources */ = {
			isa = PBXResourcesBuildPhase;
			buildActionMask = 2147483647;
			files = (
				18207B8A297AD157000E8EFC /* LaunchScreen.storyboard in Resources */,
				18207B9F297D4C19000E8EFC /* GoogleService-Info.plist in Resources */,
				18207B87297AD157000E8EFC /* Assets.xcassets in Resources */,
				18207B85297AD155000E8EFC /* Main.storyboard in Resources */,
			);
			runOnlyForDeploymentPostprocessing = 0;
		};
/* End PBXResourcesBuildPhase section */

/* Begin PBXShellScriptBuildPhase section */
		277A67F3733C1BFA9BB49E20 /* [CP] Check Pods Manifest.lock */ = {
			isa = PBXShellScriptBuildPhase;
			buildActionMask = 2147483647;
			files = (
			);
			inputFileListPaths = (
			);
			inputPaths = (
				"${PODS_PODFILE_DIR_PATH}/Podfile.lock",
				"${PODS_ROOT}/Manifest.lock",
			);
			name = "[CP] Check Pods Manifest.lock";
			outputFileListPaths = (
			);
			outputPaths = (
				"$(DERIVED_FILE_DIR)/Pods-UberTutorial-checkManifestLockResult.txt",
			);
			runOnlyForDeploymentPostprocessing = 0;
			shellPath = /bin/sh;
			shellScript = "diff \"${PODS_PODFILE_DIR_PATH}/Podfile.lock\" \"${PODS_ROOT}/Manifest.lock\" > /dev/null\nif [ $? != 0 ] ; then\n    # print error to STDERR\n    echo \"error: The sandbox is not in sync with the Podfile.lock. Run 'pod install' or update your CocoaPods installation.\" >&2\n    exit 1\nfi\n# This output is used by Xcode 'outputs' to avoid re-running this script phase.\necho \"SUCCESS\" > \"${SCRIPT_OUTPUT_FILE_0}\"\n";
			showEnvVarsInLog = 0;
		};
		50BCABDA938CD5DA5D07C383 /* [CP] Embed Pods Frameworks */ = {
			isa = PBXShellScriptBuildPhase;
			buildActionMask = 2147483647;
			files = (
			);
			inputFileListPaths = (
				"${PODS_ROOT}/Target Support Files/Pods-UberTutorial/Pods-UberTutorial-frameworks-${CONFIGURATION}-input-files.xcfilelist",
			);
			name = "[CP] Embed Pods Frameworks";
			outputFileListPaths = (
				"${PODS_ROOT}/Target Support Files/Pods-UberTutorial/Pods-UberTutorial-frameworks-${CONFIGURATION}-output-files.xcfilelist",
			);
			runOnlyForDeploymentPostprocessing = 0;
			shellPath = /bin/sh;
			shellScript = "\"${PODS_ROOT}/Target Support Files/Pods-UberTutorial/Pods-UberTutorial-frameworks.sh\"\n";
			showEnvVarsInLog = 0;
		};
/* End PBXShellScriptBuildPhase section */

/* Begin PBXSourcesBuildPhase section */
		18207B76297AD155000E8EFC /* Sources */ = {
			isa = PBXSourcesBuildPhase;
			buildActionMask = 2147483647;
			files = (
				18207B9B297C2598000E8EFC /* SignUpController.swift in Sources */,
				18207B9D297C4A09000E8EFC /* AuthButton.swift in Sources */,
				18B44071297D8C5100739E91 /* HomeController.swift in Sources */,
				1891BA3429924D3B00DDD9E7 /* SettingsController.swift in Sources */,
				18727E0A297ECE840047811B /* LocationInputView.swift in Sources */,
				1891BA362992714000DDD9E7 /* SettingsNavigationController.swift in Sources */,
				18931FEB29869E9B000818DD /* Trip.swift in Sources */,
				18931FED2987DFB8000818DD /* PickupController.swift in Sources */,
				183F92CA2982971500CF05FC /* DriverAnnotation.swift in Sources */,
				18207B97297AD336000E8EFC /* LoginController.swift in Sources */,
				18207B7E297AD155000E8EFC /* AppDelegate.swift in Sources */,
				1891BA382992892800DDD9E7 /* UserInfoHeader.swift in Sources */,
				1891BA3B2992B00200DDD9E7 /* AddLocationController.swift in Sources */,
				18207B80297AD155000E8EFC /* SceneDelegate.swift in Sources */,
				18E5739C298FCBE200106C38 /* MenuController.swift in Sources */,
				18B97A4D298165740080B104 /* LocationHandler.swift in Sources */,
				18E5739E298FCC2100106C38 /* ContainerController.swift in Sources */,
				1836D07A298FE562008AEBE8 /* MenuHeader.swift in Sources */,
				18727E06297EB7D40047811B /* LocationInputActivationView.swift in Sources */,
				183F92CC298515ED00CF05FC /* RideActionView.swift in Sources */,
				1829534D29814C46007BB880 /* User.swift in Sources */,
				18886DB3298028B5009DF710 /* Service.swift in Sources */,
				18207B99297ADEB1000E8EFC /* Extensions.swift in Sources */,
				18886DB1297FFDA4009DF710 /* LocationCell.swift in Sources */,
			);
			runOnlyForDeploymentPostprocessing = 0;
		};
/* End PBXSourcesBuildPhase section */

/* Begin PBXVariantGroup section */
		18207B83297AD155000E8EFC /* Main.storyboard */ = {
			isa = PBXVariantGroup;
			children = (
				18207B84297AD155000E8EFC /* Base */,
			);
			name = Main.storyboard;
			sourceTree = "<group>";
		};
		18207B88297AD157000E8EFC /* LaunchScreen.storyboard */ = {
			isa = PBXVariantGroup;
			children = (
				18207B89297AD157000E8EFC /* Base */,
			);
			name = LaunchScreen.storyboard;
			sourceTree = "<group>";
		};
/* End PBXVariantGroup section */

/* Begin XCBuildConfiguration section */
		18207B8C297AD157000E8EFC /* Debug */ = {
			isa = XCBuildConfiguration;
			buildSettings = {
				ALWAYS_SEARCH_USER_PATHS = NO;
				CLANG_ANALYZER_NONNULL = YES;
				CLANG_ANALYZER_NUMBER_OBJECT_CONVERSION = YES_AGGRESSIVE;
				CLANG_CXX_LANGUAGE_STANDARD = "gnu++20";
				CLANG_ENABLE_MODULES = YES;
				CLANG_ENABLE_OBJC_ARC = YES;
				CLANG_ENABLE_OBJC_WEAK = YES;
				CLANG_WARN_BLOCK_CAPTURE_AUTORELEASING = YES;
				CLANG_WARN_BOOL_CONVERSION = YES;
				CLANG_WARN_COMMA = YES;
				CLANG_WARN_CONSTANT_CONVERSION = YES;
				CLANG_WARN_DEPRECATED_OBJC_IMPLEMENTATIONS = YES;
				CLANG_WARN_DIRECT_OBJC_ISA_USAGE = YES_ERROR;
				CLANG_WARN_DOCUMENTATION_COMMENTS = YES;
				CLANG_WARN_EMPTY_BODY = YES;
				CLANG_WARN_ENUM_CONVERSION = YES;
				CLANG_WARN_INFINITE_RECURSION = YES;
				CLANG_WARN_INT_CONVERSION = YES;
				CLANG_WARN_NON_LITERAL_NULL_CONVERSION = YES;
				CLANG_WARN_OBJC_IMPLICIT_RETAIN_SELF = YES;
				CLANG_WARN_OBJC_LITERAL_CONVERSION = YES;
				CLANG_WARN_OBJC_ROOT_CLASS = YES_ERROR;
				CLANG_WARN_QUOTED_INCLUDE_IN_FRAMEWORK_HEADER = YES;
				CLANG_WARN_RANGE_LOOP_ANALYSIS = YES;
				CLANG_WARN_STRICT_PROTOTYPES = YES;
				CLANG_WARN_SUSPICIOUS_MOVE = YES;
				CLANG_WARN_UNGUARDED_AVAILABILITY = YES_AGGRESSIVE;
				CLANG_WARN_UNREACHABLE_CODE = YES;
				CLANG_WARN__DUPLICATE_METHOD_MATCH = YES;
				COPY_PHASE_STRIP = NO;
				DEBUG_INFORMATION_FORMAT = dwarf;
				ENABLE_STRICT_OBJC_MSGSEND = YES;
				ENABLE_TESTABILITY = YES;
				GCC_C_LANGUAGE_STANDARD = gnu11;
				GCC_DYNAMIC_NO_PIC = NO;
				GCC_NO_COMMON_BLOCKS = YES;
				GCC_OPTIMIZATION_LEVEL = 0;
				GCC_PREPROCESSOR_DEFINITIONS = (
					"DEBUG=1",
					"$(inherited)",
				);
				GCC_WARN_64_TO_32_BIT_CONVERSION = YES;
				GCC_WARN_ABOUT_RETURN_TYPE = YES_ERROR;
				GCC_WARN_UNDECLARED_SELECTOR = YES;
				GCC_WARN_UNINITIALIZED_AUTOS = YES_AGGRESSIVE;
				GCC_WARN_UNUSED_FUNCTION = YES;
				GCC_WARN_UNUSED_VARIABLE = YES;
				IPHONEOS_DEPLOYMENT_TARGET = 16.2;
				MTL_ENABLE_DEBUG_INFO = INCLUDE_SOURCE;
				MTL_FAST_MATH = YES;
				ONLY_ACTIVE_ARCH = YES;
				SDKROOT = iphoneos;
				SWIFT_ACTIVE_COMPILATION_CONDITIONS = DEBUG;
				SWIFT_OPTIMIZATION_LEVEL = "-Onone";
			};
			name = Debug;
		};
		18207B8D297AD157000E8EFC /* Release */ = {
			isa = XCBuildConfiguration;
			buildSettings = {
				ALWAYS_SEARCH_USER_PATHS = NO;
				CLANG_ANALYZER_NONNULL = YES;
				CLANG_ANALYZER_NUMBER_OBJECT_CONVERSION = YES_AGGRESSIVE;
				CLANG_CXX_LANGUAGE_STANDARD = "gnu++20";
				CLANG_ENABLE_MODULES = YES;
				CLANG_ENABLE_OBJC_ARC = YES;
				CLANG_ENABLE_OBJC_WEAK = YES;
				CLANG_WARN_BLOCK_CAPTURE_AUTORELEASING = YES;
				CLANG_WARN_BOOL_CONVERSION = YES;
				CLANG_WARN_COMMA = YES;
				CLANG_WARN_CONSTANT_CONVERSION = YES;
				CLANG_WARN_DEPRECATED_OBJC_IMPLEMENTATIONS = YES;
				CLANG_WARN_DIRECT_OBJC_ISA_USAGE = YES_ERROR;
				CLANG_WARN_DOCUMENTATION_COMMENTS = YES;
				CLANG_WARN_EMPTY_BODY = YES;
				CLANG_WARN_ENUM_CONVERSION = YES;
				CLANG_WARN_INFINITE_RECURSION = YES;
				CLANG_WARN_INT_CONVERSION = YES;
				CLANG_WARN_NON_LITERAL_NULL_CONVERSION = YES;
				CLANG_WARN_OBJC_IMPLICIT_RETAIN_SELF = YES;
				CLANG_WARN_OBJC_LITERAL_CONVERSION = YES;
				CLANG_WARN_OBJC_ROOT_CLASS = YES_ERROR;
				CLANG_WARN_QUOTED_INCLUDE_IN_FRAMEWORK_HEADER = YES;
				CLANG_WARN_RANGE_LOOP_ANALYSIS = YES;
				CLANG_WARN_STRICT_PROTOTYPES = YES;
				CLANG_WARN_SUSPICIOUS_MOVE = YES;
				CLANG_WARN_UNGUARDED_AVAILABILITY = YES_AGGRESSIVE;
				CLANG_WARN_UNREACHABLE_CODE = YES;
				CLANG_WARN__DUPLICATE_METHOD_MATCH = YES;
				COPY_PHASE_STRIP = NO;
				DEBUG_INFORMATION_FORMAT = "dwarf-with-dsym";
				ENABLE_NS_ASSERTIONS = NO;
				ENABLE_STRICT_OBJC_MSGSEND = YES;
				GCC_C_LANGUAGE_STANDARD = gnu11;
				GCC_NO_COMMON_BLOCKS = YES;
				GCC_WARN_64_TO_32_BIT_CONVERSION = YES;
				GCC_WARN_ABOUT_RETURN_TYPE = YES_ERROR;
				GCC_WARN_UNDECLARED_SELECTOR = YES;
				GCC_WARN_UNINITIALIZED_AUTOS = YES_AGGRESSIVE;
				GCC_WARN_UNUSED_FUNCTION = YES;
				GCC_WARN_UNUSED_VARIABLE = YES;
				IPHONEOS_DEPLOYMENT_TARGET = 16.2;
				MTL_ENABLE_DEBUG_INFO = NO;
				MTL_FAST_MATH = YES;
				SDKROOT = iphoneos;
				SWIFT_COMPILATION_MODE = wholemodule;
				SWIFT_OPTIMIZATION_LEVEL = "-O";
				VALIDATE_PRODUCT = YES;
			};
			name = Release;
		};
		18207B8F297AD157000E8EFC /* Debug */ = {
			isa = XCBuildConfiguration;
			baseConfigurationReference = 3592DD44CC3A90CEE626E61E /* Pods-UberTutorial.debug.xcconfig */;
			buildSettings = {
				ASSETCATALOG_COMPILER_APPICON_NAME = AppIcon;
				ASSETCATALOG_COMPILER_GLOBAL_ACCENT_COLOR_NAME = AccentColor;
				CODE_SIGN_STYLE = Automatic;
				CURRENT_PROJECT_VERSION = 1;
				DEVELOPMENT_TEAM = N84H63QL52;
				GENERATE_INFOPLIST_FILE = YES;
				INFOPLIST_FILE = UberTutorial/Info.plist;
				INFOPLIST_KEY_UIApplicationSupportsIndirectInputEvents = YES;
				INFOPLIST_KEY_UILaunchStoryboardName = LaunchScreen;
				INFOPLIST_KEY_UIMainStoryboardFile = Main;
				INFOPLIST_KEY_UISupportedInterfaceOrientations_iPad = "UIInterfaceOrientationPortrait UIInterfaceOrientationPortraitUpsideDown UIInterfaceOrientationLandscapeLeft UIInterfaceOrientationLandscapeRight";
				INFOPLIST_KEY_UISupportedInterfaceOrientations_iPhone = "UIInterfaceOrientationPortrait UIInterfaceOrientationLandscapeLeft UIInterfaceOrientationLandscapeRight";
				LD_RUNPATH_SEARCH_PATHS = (
					"$(inherited)",
					"@executable_path/Frameworks",
				);
				MARKETING_VERSION = 1.0;
				PRODUCT_BUNDLE_IDENTIFIER = com.iosdev54.UberTutorial;
				PRODUCT_NAME = "$(TARGET_NAME)";
				SWIFT_EMIT_LOC_STRINGS = YES;
				SWIFT_VERSION = 5.0;
				TARGETED_DEVICE_FAMILY = "1,2";
			};
			name = Debug;
		};
		18207B90297AD157000E8EFC /* Release */ = {
			isa = XCBuildConfiguration;
			baseConfigurationReference = B23F28A1CD35E0A9E024E710 /* Pods-UberTutorial.release.xcconfig */;
			buildSettings = {
				ASSETCATALOG_COMPILER_APPICON_NAME = AppIcon;
				ASSETCATALOG_COMPILER_GLOBAL_ACCENT_COLOR_NAME = AccentColor;
				CODE_SIGN_STYLE = Automatic;
				CURRENT_PROJECT_VERSION = 1;
				DEVELOPMENT_TEAM = N84H63QL52;
				GENERATE_INFOPLIST_FILE = YES;
				INFOPLIST_FILE = UberTutorial/Info.plist;
				INFOPLIST_KEY_UIApplicationSupportsIndirectInputEvents = YES;
				INFOPLIST_KEY_UILaunchStoryboardName = LaunchScreen;
				INFOPLIST_KEY_UIMainStoryboardFile = Main;
				INFOPLIST_KEY_UISupportedInterfaceOrientations_iPad = "UIInterfaceOrientationPortrait UIInterfaceOrientationPortraitUpsideDown UIInterfaceOrientationLandscapeLeft UIInterfaceOrientationLandscapeRight";
				INFOPLIST_KEY_UISupportedInterfaceOrientations_iPhone = "UIInterfaceOrientationPortrait UIInterfaceOrientationLandscapeLeft UIInterfaceOrientationLandscapeRight";
				LD_RUNPATH_SEARCH_PATHS = (
					"$(inherited)",
					"@executable_path/Frameworks",
				);
				MARKETING_VERSION = 1.0;
				PRODUCT_BUNDLE_IDENTIFIER = com.iosdev54.UberTutorial;
				PRODUCT_NAME = "$(TARGET_NAME)";
				SWIFT_EMIT_LOC_STRINGS = YES;
				SWIFT_VERSION = 5.0;
				TARGETED_DEVICE_FAMILY = "1,2";
			};
			name = Release;
		};
/* End XCBuildConfiguration section */

/* Begin XCConfigurationList section */
		18207B75297AD155000E8EFC /* Build configuration list for PBXProject "UberTutorial" */ = {
			isa = XCConfigurationList;
			buildConfigurations = (
				18207B8C297AD157000E8EFC /* Debug */,
				18207B8D297AD157000E8EFC /* Release */,
			);
			defaultConfigurationIsVisible = 0;
			defaultConfigurationName = Release;
		};
		18207B8E297AD157000E8EFC /* Build configuration list for PBXNativeTarget "UberTutorial" */ = {
			isa = XCConfigurationList;
			buildConfigurations = (
				18207B8F297AD157000E8EFC /* Debug */,
				18207B90297AD157000E8EFC /* Release */,
			);
			defaultConfigurationIsVisible = 0;
			defaultConfigurationName = Release;
		};
/* End XCConfigurationList section */
	};
	rootObject = 18207B72297AD155000E8EFC /* Project object */;
}
