// !$*UTF8*$!
{
	archiveVersion = 1;
	classes = {
	};
	objectVersion = 56;
	objects = {

/* Begin PBXBuildFile section */
		180CCBA4299D16F2001A2EAE /* UITextField+Extensions.swift in Sources */ = {isa = PBXBuildFile; fileRef = 180CCBA3299D16F2001A2EAE /* UITextField+Extensions.swift */; };
		18207B7E297AD155000E8EFC /* AppDelegate.swift in Sources */ = {isa = PBXBuildFile; fileRef = 18207B7D297AD155000E8EFC /* AppDelegate.swift */; };
		18207B80297AD155000E8EFC /* SceneDelegate.swift in Sources */ = {isa = PBXBuildFile; fileRef = 18207B7F297AD155000E8EFC /* SceneDelegate.swift */; };
		18207B85297AD155000E8EFC /* Main.storyboard in Resources */ = {isa = PBXBuildFile; fileRef = 18207B83297AD155000E8EFC /* Main.storyboard */; };
		18207B87297AD157000E8EFC /* Assets.xcassets in Resources */ = {isa = PBXBuildFile; fileRef = 18207B86297AD157000E8EFC /* Assets.xcassets */; };
		18207B8A297AD157000E8EFC /* LaunchScreen.storyboard in Resources */ = {isa = PBXBuildFile; fileRef = 18207B88297AD157000E8EFC /* LaunchScreen.storyboard */; };
		18207B97297AD336000E8EFC /* LoginController.swift in Sources */ = {isa = PBXBuildFile; fileRef = 18207B96297AD336000E8EFC /* LoginController.swift */; };
		18207B99297ADEB1000E8EFC /* Extensions.swift in Sources */ = {isa = PBXBuildFile; fileRef = 18207B98297ADEB1000E8EFC /* Extensions.swift */; };
		18207B9B297C2598000E8EFC /* SignUpController.swift in Sources */ = {isa = PBXBuildFile; fileRef = 18207B9A297C2598000E8EFC /* SignUpController.swift */; };
		18207B9D297C4A09000E8EFC /* AuthButton.swift in Sources */ = {isa = PBXBuildFile; fileRef = 18207B9C297C4A09000E8EFC /* AuthButton.swift */; };
		1823C5E1299C3D110002E65A /* .gitignore in Resources */ = {isa = PBXBuildFile; fileRef = 1823C5E0299C3D110002E65A /* .gitignore */; };
		1823C5E3299C3D190002E65A /* README.md in Resources */ = {isa = PBXBuildFile; fileRef = 1823C5E2299C3D190002E65A /* README.md */; };
		1829534D29814C46007BB880 /* User.swift in Sources */ = {isa = PBXBuildFile; fileRef = 1829534C29814C46007BB880 /* User.swift */; };
		1836D07A298FE562008AEBE8 /* MenuHeader.swift in Sources */ = {isa = PBXBuildFile; fileRef = 1836D079298FE562008AEBE8 /* MenuHeader.swift */; };
		183F92CA2982971500CF05FC /* DriverAnnotation.swift in Sources */ = {isa = PBXBuildFile; fileRef = 183F92C92982971500CF05FC /* DriverAnnotation.swift */; };
		183F92CC298515ED00CF05FC /* RideActionView.swift in Sources */ = {isa = PBXBuildFile; fileRef = 183F92CB298515ED00CF05FC /* RideActionView.swift */; };
		18727E06297EB7D40047811B /* LocationInputActivationView.swift in Sources */ = {isa = PBXBuildFile; fileRef = 18727E05297EB7D40047811B /* LocationInputActivationView.swift */; };
		18727E0A297ECE840047811B /* LocationInputView.swift in Sources */ = {isa = PBXBuildFile; fileRef = 18727E09297ECE840047811B /* LocationInputView.swift */; };
		18883FF9299E6B6B00393ED3 /* UIColor+Extensions.swift in Sources */ = {isa = PBXBuildFile; fileRef = 18883FF8299E6B6B00393ED3 /* UIColor+Extensions.swift */; };
		18883FFB299E6F8800393ED3 /* AccountTypeSegmentedControl.swift in Sources */ = {isa = PBXBuildFile; fileRef = 18883FFA299E6F8800393ED3 /* AccountTypeSegmentedControl.swift */; };
		18886DB1297FFDA4009DF710 /* LocationCell.swift in Sources */ = {isa = PBXBuildFile; fileRef = 18886DB0297FFDA4009DF710 /* LocationCell.swift */; };
		18886DB3298028B5009DF710 /* Service.swift in Sources */ = {isa = PBXBuildFile; fileRef = 18886DB2298028B5009DF710 /* Service.swift */; };
		1891BA3429924D3B00DDD9E7 /* SettingsController.swift in Sources */ = {isa = PBXBuildFile; fileRef = 1891BA3329924D3B00DDD9E7 /* SettingsController.swift */; };
		1891BA362992714000DDD9E7 /* SettingsNavigationController.swift in Sources */ = {isa = PBXBuildFile; fileRef = 1891BA352992714000DDD9E7 /* SettingsNavigationController.swift */; };
		1891BA382992892800DDD9E7 /* UserInfoHeader.swift in Sources */ = {isa = PBXBuildFile; fileRef = 1891BA372992892800DDD9E7 /* UserInfoHeader.swift */; };
		1891BA3B2992B00200DDD9E7 /* AddLocationController.swift in Sources */ = {isa = PBXBuildFile; fileRef = 1891BA3A2992B00200DDD9E7 /* AddLocationController.swift */; };
		18931FEB29869E9B000818DD /* Trip.swift in Sources */ = {isa = PBXBuildFile; fileRef = 18931FEA29869E9B000818DD /* Trip.swift */; };
		18931FED2987DFB8000818DD /* PickupController.swift in Sources */ = {isa = PBXBuildFile; fileRef = 18931FEC2987DFB8000818DD /* PickupController.swift */; };
		189FE634299D051100361CB2 /* UIImage+Extensions.swift in Sources */ = {isa = PBXBuildFile; fileRef = 189FE633299D051100361CB2 /* UIImage+Extensions.swift */; };
		18A0133F2997C8E7003D721C /* CircularProgressView.swift in Sources */ = {isa = PBXBuildFile; fileRef = 18A0133E2997C8E7003D721C /* CircularProgressView.swift */; };
		18B44071297D8C5100739E91 /* HomeController.swift in Sources */ = {isa = PBXBuildFile; fileRef = 18B44070297D8C5100739E91 /* HomeController.swift */; };
		18B97A4D298165740080B104 /* LocationHandler.swift in Sources */ = {isa = PBXBuildFile; fileRef = 18B97A4C298165740080B104 /* LocationHandler.swift */; };
		18D4C704299B86EA00A87007 /* GoogleService-Info.plist in Resources */ = {isa = PBXBuildFile; fileRef = 18D4C703299B86E900A87007 /* GoogleService-Info.plist */; };
		18E5739C298FCBE200106C38 /* MenuController.swift in Sources */ = {isa = PBXBuildFile; fileRef = 18E5739B298FCBE200106C38 /* MenuController.swift */; };
		18E5739E298FCC2100106C38 /* ContainerController.swift in Sources */ = {isa = PBXBuildFile; fileRef = 18E5739D298FCC2100106C38 /* ContainerController.swift */; };
		2D2E5DBC0E03C81A2D71BA4D /* Pods_Cab.framework in Frameworks */ = {isa = PBXBuildFile; fileRef = 23C7A236092560C4EB0DF411 /* Pods_Cab.framework */; };
/* End PBXBuildFile section */

/* Begin PBXFileReference section */
		180CCBA3299D16F2001A2EAE /* UITextField+Extensions.swift */ = {isa = PBXFileReference; lastKnownFileType = sourcecode.swift; path = "UITextField+Extensions.swift"; sourceTree = "<group>"; };
		18207B7A297AD155000E8EFC /* Cab.app */ = {isa = PBXFileReference; explicitFileType = wrapper.application; includeInIndex = 0; path = Cab.app; sourceTree = BUILT_PRODUCTS_DIR; };
		18207B7D297AD155000E8EFC /* AppDelegate.swift */ = {isa = PBXFileReference; lastKnownFileType = sourcecode.swift; path = AppDelegate.swift; sourceTree = "<group>"; };
		18207B7F297AD155000E8EFC /* SceneDelegate.swift */ = {isa = PBXFileReference; lastKnownFileType = sourcecode.swift; path = SceneDelegate.swift; sourceTree = "<group>"; };
		18207B84297AD155000E8EFC /* Base */ = {isa = PBXFileReference; lastKnownFileType = file.storyboard; name = Base; path = Base.lproj/Main.storyboard; sourceTree = "<group>"; };
		18207B86297AD157000E8EFC /* Assets.xcassets */ = {isa = PBXFileReference; lastKnownFileType = folder.assetcatalog; path = Assets.xcassets; sourceTree = "<group>"; };
		18207B89297AD157000E8EFC /* Base */ = {isa = PBXFileReference; lastKnownFileType = file.storyboard; name = Base; path = Base.lproj/LaunchScreen.storyboard; sourceTree = "<group>"; };
		18207B8B297AD157000E8EFC /* Info.plist */ = {isa = PBXFileReference; lastKnownFileType = text.plist.xml; path = Info.plist; sourceTree = "<group>"; };
		18207B96297AD336000E8EFC /* LoginController.swift */ = {isa = PBXFileReference; lastKnownFileType = sourcecode.swift; path = LoginController.swift; sourceTree = "<group>"; };
		18207B98297ADEB1000E8EFC /* Extensions.swift */ = {isa = PBXFileReference; lastKnownFileType = sourcecode.swift; path = Extensions.swift; sourceTree = "<group>"; };
		18207B9A297C2598000E8EFC /* SignUpController.swift */ = {isa = PBXFileReference; lastKnownFileType = sourcecode.swift; path = SignUpController.swift; sourceTree = "<group>"; };
		18207B9C297C4A09000E8EFC /* AuthButton.swift */ = {isa = PBXFileReference; lastKnownFileType = sourcecode.swift; path = AuthButton.swift; sourceTree = "<group>"; };
		1823C5E0299C3D110002E65A /* .gitignore */ = {isa = PBXFileReference; fileEncoding = 4; lastKnownFileType = text; path = .gitignore; sourceTree = "<group>"; };
		1823C5E2299C3D190002E65A /* README.md */ = {isa = PBXFileReference; fileEncoding = 4; lastKnownFileType = net.daringfireball.markdown; path = README.md; sourceTree = "<group>"; };
		1829534C29814C46007BB880 /* User.swift */ = {isa = PBXFileReference; lastKnownFileType = sourcecode.swift; path = User.swift; sourceTree = "<group>"; };
		1836D079298FE562008AEBE8 /* MenuHeader.swift */ = {isa = PBXFileReference; lastKnownFileType = sourcecode.swift; path = MenuHeader.swift; sourceTree = "<group>"; };
		183F92C92982971500CF05FC /* DriverAnnotation.swift */ = {isa = PBXFileReference; lastKnownFileType = sourcecode.swift; path = DriverAnnotation.swift; sourceTree = "<group>"; };
		183F92CB298515ED00CF05FC /* RideActionView.swift */ = {isa = PBXFileReference; lastKnownFileType = sourcecode.swift; path = RideActionView.swift; sourceTree = "<group>"; };
		18727E05297EB7D40047811B /* LocationInputActivationView.swift */ = {isa = PBXFileReference; lastKnownFileType = sourcecode.swift; path = LocationInputActivationView.swift; sourceTree = "<group>"; };
		18727E09297ECE840047811B /* LocationInputView.swift */ = {isa = PBXFileReference; lastKnownFileType = sourcecode.swift; path = LocationInputView.swift; sourceTree = "<group>"; };
		18883FF8299E6B6B00393ED3 /* UIColor+Extensions.swift */ = {isa = PBXFileReference; lastKnownFileType = sourcecode.swift; path = "UIColor+Extensions.swift"; sourceTree = "<group>"; };
		18883FFA299E6F8800393ED3 /* AccountTypeSegmentedControl.swift */ = {isa = PBXFileReference; lastKnownFileType = sourcecode.swift; path = AccountTypeSegmentedControl.swift; sourceTree = "<group>"; };
		18886DB0297FFDA4009DF710 /* LocationCell.swift */ = {isa = PBXFileReference; lastKnownFileType = sourcecode.swift; path = LocationCell.swift; sourceTree = "<group>"; };
		18886DB2298028B5009DF710 /* Service.swift */ = {isa = PBXFileReference; lastKnownFileType = sourcecode.swift; path = Service.swift; sourceTree = "<group>"; };
		1891BA3329924D3B00DDD9E7 /* SettingsController.swift */ = {isa = PBXFileReference; lastKnownFileType = sourcecode.swift; path = SettingsController.swift; sourceTree = "<group>"; };
		1891BA352992714000DDD9E7 /* SettingsNavigationController.swift */ = {isa = PBXFileReference; lastKnownFileType = sourcecode.swift; path = SettingsNavigationController.swift; sourceTree = "<group>"; };
		1891BA372992892800DDD9E7 /* UserInfoHeader.swift */ = {isa = PBXFileReference; lastKnownFileType = sourcecode.swift; path = UserInfoHeader.swift; sourceTree = "<group>"; };
		1891BA3A2992B00200DDD9E7 /* AddLocationController.swift */ = {isa = PBXFileReference; lastKnownFileType = sourcecode.swift; path = AddLocationController.swift; sourceTree = "<group>"; };
		18931FEA29869E9B000818DD /* Trip.swift */ = {isa = PBXFileReference; lastKnownFileType = sourcecode.swift; path = Trip.swift; sourceTree = "<group>"; };
		18931FEC2987DFB8000818DD /* PickupController.swift */ = {isa = PBXFileReference; lastKnownFileType = sourcecode.swift; path = PickupController.swift; sourceTree = "<group>"; };
		189FE633299D051100361CB2 /* UIImage+Extensions.swift */ = {isa = PBXFileReference; lastKnownFileType = sourcecode.swift; path = "UIImage+Extensions.swift"; sourceTree = "<group>"; };
		18A0133E2997C8E7003D721C /* CircularProgressView.swift */ = {isa = PBXFileReference; lastKnownFileType = sourcecode.swift; path = CircularProgressView.swift; sourceTree = "<group>"; };
		18B44070297D8C5100739E91 /* HomeController.swift */ = {isa = PBXFileReference; lastKnownFileType = sourcecode.swift; path = HomeController.swift; sourceTree = "<group>"; };
		18B97A4C298165740080B104 /* LocationHandler.swift */ = {isa = PBXFileReference; lastKnownFileType = sourcecode.swift; path = LocationHandler.swift; sourceTree = "<group>"; };
		18D4C703299B86E900A87007 /* GoogleService-Info.plist */ = {isa = PBXFileReference; fileEncoding = 4; lastKnownFileType = text.plist.xml; path = "GoogleService-Info.plist"; sourceTree = "<group>"; };
		18E5739B298FCBE200106C38 /* MenuController.swift */ = {isa = PBXFileReference; lastKnownFileType = sourcecode.swift; path = MenuController.swift; sourceTree = "<group>"; };
		18E5739D298FCC2100106C38 /* ContainerController.swift */ = {isa = PBXFileReference; lastKnownFileType = sourcecode.swift; path = ContainerController.swift; sourceTree = "<group>"; };
		23C7A236092560C4EB0DF411 /* Pods_Cab.framework */ = {isa = PBXFileReference; explicitFileType = wrapper.framework; includeInIndex = 0; path = Pods_Cab.framework; sourceTree = BUILT_PRODUCTS_DIR; };
		42C3EBD47776177E14FCD421 /* Pods-Cab.debug.xcconfig */ = {isa = PBXFileReference; includeInIndex = 1; lastKnownFileType = text.xcconfig; name = "Pods-Cab.debug.xcconfig"; path = "Target Support Files/Pods-Cab/Pods-Cab.debug.xcconfig"; sourceTree = "<group>"; };
		E7E5CD4333DF6CBA9DB7D9BE /* Pods-Cab.release.xcconfig */ = {isa = PBXFileReference; includeInIndex = 1; lastKnownFileType = text.xcconfig; name = "Pods-Cab.release.xcconfig"; path = "Target Support Files/Pods-Cab/Pods-Cab.release.xcconfig"; sourceTree = "<group>"; };
/* End PBXFileReference section */

/* Begin PBXFrameworksBuildPhase section */
		18207B77297AD155000E8EFC /* Frameworks */ = {
			isa = PBXFrameworksBuildPhase;
			buildActionMask = 2147483647;
			files = (
				2D2E5DBC0E03C81A2D71BA4D /* Pods_Cab.framework in Frameworks */,
			);
			runOnlyForDeploymentPostprocessing = 0;
		};
/* End PBXFrameworksBuildPhase section */

/* Begin PBXGroup section */
		18207B71297AD155000E8EFC = {
			isa = PBXGroup;
			children = (
				1823C5E0299C3D110002E65A /* .gitignore */,
				1823C5E2299C3D190002E65A /* README.md */,
				18207B7C297AD155000E8EFC /* Cab */,
				18207B7B297AD155000E8EFC /* Products */,
				7D23D8C9953D78C8E5215A02 /* Pods */,
				F7DBC99C62C7094E4534B50F /* Frameworks */,
			);
			sourceTree = "<group>";
		};
		18207B7B297AD155000E8EFC /* Products */ = {
			isa = PBXGroup;
			children = (
				18207B7A297AD155000E8EFC /* Cab.app */,
			);
			name = Products;
			sourceTree = "<group>";
		};
		18207B7C297AD155000E8EFC /* Cab */ = {
			isa = PBXGroup;
			children = (
				18207B95297AD1D6000E8EFC /* Model */,
				18207B94297AD1D4000E8EFC /* View */,
				18207B93297AD1CE000E8EFC /* Controller */,
				18207B92297AD1CD000E8EFC /* Service */,
				18207B91297AD1C9000E8EFC /* Utils */,
				18B4FBAF29991B3200DF09B5 /* SupportFiles */,
				18B4FBB029991BA700DF09B5 /* InterfaceBuilder */,
			);
			path = Cab;
			sourceTree = "<group>";
		};
		18207B91297AD1C9000E8EFC /* Utils */ = {
			isa = PBXGroup;
			children = (
				18207B98297ADEB1000E8EFC /* Extensions.swift */,
				189FE633299D051100361CB2 /* UIImage+Extensions.swift */,
				18883FF8299E6B6B00393ED3 /* UIColor+Extensions.swift */,
				180CCBA3299D16F2001A2EAE /* UITextField+Extensions.swift */,
			);
			path = Utils;
			sourceTree = "<group>";
		};
		18207B92297AD1CD000E8EFC /* Service */ = {
			isa = PBXGroup;
			children = (
				18886DB2298028B5009DF710 /* Service.swift */,
				18B97A4C298165740080B104 /* LocationHandler.swift */,
			);
			path = Service;
			sourceTree = "<group>";
		};
		18207B93297AD1CE000E8EFC /* Controller */ = {
			isa = PBXGroup;
			children = (
				1891BA392992AFB600DDD9E7 /* Settings */,
				18E5739A298FCBB500106C38 /* SideMenu */,
				18E57399298FCB8000106C38 /* Authentication */,
				18B44070297D8C5100739E91 /* HomeController.swift */,
				18931FEC2987DFB8000818DD /* PickupController.swift */,
			);
			path = Controller;
			sourceTree = "<group>";
		};
		18207B94297AD1D4000E8EFC /* View */ = {
			isa = PBXGroup;
			children = (
				18207B9C297C4A09000E8EFC /* AuthButton.swift */,
				18883FFA299E6F8800393ED3 /* AccountTypeSegmentedControl.swift */,
				18727E05297EB7D40047811B /* LocationInputActivationView.swift */,
				18727E09297ECE840047811B /* LocationInputView.swift */,
				18886DB0297FFDA4009DF710 /* LocationCell.swift */,
				183F92CB298515ED00CF05FC /* RideActionView.swift */,
				1836D079298FE562008AEBE8 /* MenuHeader.swift */,
				1891BA372992892800DDD9E7 /* UserInfoHeader.swift */,
				18A0133E2997C8E7003D721C /* CircularProgressView.swift */,
			);
			path = View;
			sourceTree = "<group>";
		};
		18207B95297AD1D6000E8EFC /* Model */ = {
			isa = PBXGroup;
			children = (
				1829534C29814C46007BB880 /* User.swift */,
				18931FEA29869E9B000818DD /* Trip.swift */,
				183F92C92982971500CF05FC /* DriverAnnotation.swift */,
			);
			path = Model;
			sourceTree = "<group>";
		};
		1891BA392992AFB600DDD9E7 /* Settings */ = {
			isa = PBXGroup;
			children = (
				1891BA3A2992B00200DDD9E7 /* AddLocationController.swift */,
				1891BA3329924D3B00DDD9E7 /* SettingsController.swift */,
				1891BA352992714000DDD9E7 /* SettingsNavigationController.swift */,
			);
			path = Settings;
			sourceTree = "<group>";
		};
		18B4FBAF29991B3200DF09B5 /* SupportFiles */ = {
			isa = PBXGroup;
			children = (
				18207B7D297AD155000E8EFC /* AppDelegate.swift */,
				18207B7F297AD155000E8EFC /* SceneDelegate.swift */,
				18207B86297AD157000E8EFC /* Assets.xcassets */,
				18207B8B297AD157000E8EFC /* Info.plist */,
				18D4C703299B86E900A87007 /* GoogleService-Info.plist */,
			);
			path = SupportFiles;
			sourceTree = "<group>";
		};
		18B4FBB029991BA700DF09B5 /* InterfaceBuilder */ = {
			isa = PBXGroup;
			children = (
				18207B83297AD155000E8EFC /* Main.storyboard */,
				18207B88297AD157000E8EFC /* LaunchScreen.storyboard */,
			);
			path = InterfaceBuilder;
			sourceTree = "<group>";
		};
		18E57399298FCB8000106C38 /* Authentication */ = {
			isa = PBXGroup;
			children = (
				18207B96297AD336000E8EFC /* LoginController.swift */,
				18207B9A297C2598000E8EFC /* SignUpController.swift */,
			);
			path = Authentication;
			sourceTree = "<group>";
		};
		18E5739A298FCBB500106C38 /* SideMenu */ = {
			isa = PBXGroup;
			children = (
				18E5739B298FCBE200106C38 /* MenuController.swift */,
				18E5739D298FCC2100106C38 /* ContainerController.swift */,
			);
			path = SideMenu;
			sourceTree = "<group>";
		};
		7D23D8C9953D78C8E5215A02 /* Pods */ = {
			isa = PBXGroup;
			children = (
				42C3EBD47776177E14FCD421 /* Pods-Cab.debug.xcconfig */,
				E7E5CD4333DF6CBA9DB7D9BE /* Pods-Cab.release.xcconfig */,
			);
			path = Pods;
			sourceTree = "<group>";
		};
		F7DBC99C62C7094E4534B50F /* Frameworks */ = {
			isa = PBXGroup;
			children = (
				23C7A236092560C4EB0DF411 /* Pods_Cab.framework */,
			);
			name = Frameworks;
			sourceTree = "<group>";
		};
/* End PBXGroup section */

/* Begin PBXNativeTarget section */
		18207B79297AD155000E8EFC /* Cab */ = {
			isa = PBXNativeTarget;
			buildConfigurationList = 18207B8E297AD157000E8EFC /* Build configuration list for PBXNativeTarget "Cab" */;
			buildPhases = (
				450CD4CEFF9EF38B630D80F0 /* [CP] Check Pods Manifest.lock */,
				18207B76297AD155000E8EFC /* Sources */,
				18207B77297AD155000E8EFC /* Frameworks */,
				18207B78297AD155000E8EFC /* Resources */,
				48C61B390A5121AED1ECDD72 /* [CP] Embed Pods Frameworks */,
			);
			buildRules = (
			);
			dependencies = (
			);
			name = Cab;
			productName = UberTutorial;
			productReference = 18207B7A297AD155000E8EFC /* Cab.app */;
			productType = "com.apple.product-type.application";
		};
/* End PBXNativeTarget section */

/* Begin PBXProject section */
		18207B72297AD155000E8EFC /* Project object */ = {
			isa = PBXProject;
			attributes = {
				BuildIndependentTargetsInParallel = 1;
				LastSwiftUpdateCheck = 1420;
				LastUpgradeCheck = 1420;
				TargetAttributes = {
					18207B79297AD155000E8EFC = {
						CreatedOnToolsVersion = 14.2;
					};
				};
			};
			buildConfigurationList = 18207B75297AD155000E8EFC /* Build configuration list for PBXProject "Cab" */;
			compatibilityVersion = "Xcode 14.0";
			developmentRegion = en;
			hasScannedForEncodings = 0;
			knownRegions = (
				en,
				Base,
			);
			mainGroup = 18207B71297AD155000E8EFC;
			productRefGroup = 18207B7B297AD155000E8EFC /* Products */;
			projectDirPath = "";
			projectRoot = "";
			targets = (
				18207B79297AD155000E8EFC /* Cab */,
			);
		};
/* End PBXProject section */

/* Begin PBXResourcesBuildPhase section */
		18207B78297AD155000E8EFC /* Resources */ = {
			isa = PBXResourcesBuildPhase;
			buildActionMask = 2147483647;
			files = (
				1823C5E3299C3D190002E65A /* README.md in Resources */,
				1823C5E1299C3D110002E65A /* .gitignore in Resources */,
				18207B8A297AD157000E8EFC /* LaunchScreen.storyboard in Resources */,
				18D4C704299B86EA00A87007 /* GoogleService-Info.plist in Resources */,
				18207B87297AD157000E8EFC /* Assets.xcassets in Resources */,
				18207B85297AD155000E8EFC /* Main.storyboard in Resources */,
			);
			runOnlyForDeploymentPostprocessing = 0;
		};
/* End PBXResourcesBuildPhase section */

/* Begin PBXShellScriptBuildPhase section */
		450CD4CEFF9EF38B630D80F0 /* [CP] Check Pods Manifest.lock */ = {
			isa = PBXShellScriptBuildPhase;
			buildActionMask = 2147483647;
			files = (
			);
			inputFileListPaths = (
			);
			inputPaths = (
				"${PODS_PODFILE_DIR_PATH}/Podfile.lock",
				"${PODS_ROOT}/Manifest.lock",
			);
			name = "[CP] Check Pods Manifest.lock";
			outputFileListPaths = (
			);
			outputPaths = (
				"$(DERIVED_FILE_DIR)/Pods-Cab-checkManifestLockResult.txt",
			);
			runOnlyForDeploymentPostprocessing = 0;
			shellPath = /bin/sh;
			shellScript = "diff \"${PODS_PODFILE_DIR_PATH}/Podfile.lock\" \"${PODS_ROOT}/Manifest.lock\" > /dev/null\nif [ $? != 0 ] ; then\n    # print error to STDERR\n    echo \"error: The sandbox is not in sync with the Podfile.lock. Run 'pod install' or update your CocoaPods installation.\" >&2\n    exit 1\nfi\n# This output is used by Xcode 'outputs' to avoid re-running this script phase.\necho \"SUCCESS\" > \"${SCRIPT_OUTPUT_FILE_0}\"\n";
			showEnvVarsInLog = 0;
		};
		48C61B390A5121AED1ECDD72 /* [CP] Embed Pods Frameworks */ = {
			isa = PBXShellScriptBuildPhase;
			buildActionMask = 2147483647;
			files = (
			);
			inputFileListPaths = (
				"${PODS_ROOT}/Target Support Files/Pods-Cab/Pods-Cab-frameworks-${CONFIGURATION}-input-files.xcfilelist",
			);
			name = "[CP] Embed Pods Frameworks";
			outputFileListPaths = (
				"${PODS_ROOT}/Target Support Files/Pods-Cab/Pods-Cab-frameworks-${CONFIGURATION}-output-files.xcfilelist",
			);
			runOnlyForDeploymentPostprocessing = 0;
			shellPath = /bin/sh;
			shellScript = "\"${PODS_ROOT}/Target Support Files/Pods-Cab/Pods-Cab-frameworks.sh\"\n";
			showEnvVarsInLog = 0;
		};
/* End PBXShellScriptBuildPhase section */

/* Begin PBXSourcesBuildPhase section */
		18207B76297AD155000E8EFC /* Sources */ = {
			isa = PBXSourcesBuildPhase;
			buildActionMask = 2147483647;
			files = (
				18207B9B297C2598000E8EFC /* SignUpController.swift in Sources */,
				18207B9D297C4A09000E8EFC /* AuthButton.swift in Sources */,
				18B44071297D8C5100739E91 /* HomeController.swift in Sources */,
				189FE634299D051100361CB2 /* UIImage+Extensions.swift in Sources */,
				1891BA3429924D3B00DDD9E7 /* SettingsController.swift in Sources */,
				18727E0A297ECE840047811B /* LocationInputView.swift in Sources */,
				1891BA362992714000DDD9E7 /* SettingsNavigationController.swift in Sources */,
				18931FEB29869E9B000818DD /* Trip.swift in Sources */,
				18931FED2987DFB8000818DD /* PickupController.swift in Sources */,
				183F92CA2982971500CF05FC /* DriverAnnotation.swift in Sources */,
				18207B97297AD336000E8EFC /* LoginController.swift in Sources */,
				18883FF9299E6B6B00393ED3 /* UIColor+Extensions.swift in Sources */,
				18207B7E297AD155000E8EFC /* AppDelegate.swift in Sources */,
				1891BA382992892800DDD9E7 /* UserInfoHeader.swift in Sources */,
				1891BA3B2992B00200DDD9E7 /* AddLocationController.swift in Sources */,
				18207B80297AD155000E8EFC /* SceneDelegate.swift in Sources */,
				18E5739C298FCBE200106C38 /* MenuController.swift in Sources */,
				18B97A4D298165740080B104 /* LocationHandler.swift in Sources */,
				18E5739E298FCC2100106C38 /* ContainerController.swift in Sources */,
				1836D07A298FE562008AEBE8 /* MenuHeader.swift in Sources */,
				18727E06297EB7D40047811B /* LocationInputActivationView.swift in Sources */,
				18883FFB299E6F8800393ED3 /* AccountTypeSegmentedControl.swift in Sources */,
				183F92CC298515ED00CF05FC /* RideActionView.swift in Sources */,
				1829534D29814C46007BB880 /* User.swift in Sources */,
				18886DB3298028B5009DF710 /* Service.swift in Sources */,
				18207B99297ADEB1000E8EFC /* Extensions.swift in Sources */,
				180CCBA4299D16F2001A2EAE /* UITextField+Extensions.swift in Sources */,
				18A0133F2997C8E7003D721C /* CircularProgressView.swift in Sources */,
				18886DB1297FFDA4009DF710 /* LocationCell.swift in Sources */,
			);
			runOnlyForDeploymentPostprocessing = 0;
		};
/* End PBXSourcesBuildPhase section */

/* Begin PBXVariantGroup section */
		18207B83297AD155000E8EFC /* Main.storyboard */ = {
			isa = PBXVariantGroup;
			children = (
				18207B84297AD155000E8EFC /* Base */,
			);
			name = Main.storyboard;
			sourceTree = "<group>";
		};
		18207B88297AD157000E8EFC /* LaunchScreen.storyboard */ = {
			isa = PBXVariantGroup;
			children = (
				18207B89297AD157000E8EFC /* Base */,
			);
			name = LaunchScreen.storyboard;
			sourceTree = "<group>";
		};
/* End PBXVariantGroup section */

/* Begin XCBuildConfiguration section */
		18207B8C297AD157000E8EFC /* Debug */ = {
			isa = XCBuildConfiguration;
			buildSettings = {
				ALWAYS_SEARCH_USER_PATHS = NO;
				CLANG_ANALYZER_NONNULL = YES;
				CLANG_ANALYZER_NUMBER_OBJECT_CONVERSION = YES_AGGRESSIVE;
				CLANG_CXX_LANGUAGE_STANDARD = "gnu++20";
				CLANG_ENABLE_MODULES = YES;
				CLANG_ENABLE_OBJC_ARC = YES;
				CLANG_ENABLE_OBJC_WEAK = YES;
				CLANG_WARN_BLOCK_CAPTURE_AUTORELEASING = YES;
				CLANG_WARN_BOOL_CONVERSION = YES;
				CLANG_WARN_COMMA = YES;
				CLANG_WARN_CONSTANT_CONVERSION = YES;
				CLANG_WARN_DEPRECATED_OBJC_IMPLEMENTATIONS = YES;
				CLANG_WARN_DIRECT_OBJC_ISA_USAGE = YES_ERROR;
				CLANG_WARN_DOCUMENTATION_COMMENTS = YES;
				CLANG_WARN_EMPTY_BODY = YES;
				CLANG_WARN_ENUM_CONVERSION = YES;
				CLANG_WARN_INFINITE_RECURSION = YES;
				CLANG_WARN_INT_CONVERSION = YES;
				CLANG_WARN_NON_LITERAL_NULL_CONVERSION = YES;
				CLANG_WARN_OBJC_IMPLICIT_RETAIN_SELF = YES;
				CLANG_WARN_OBJC_LITERAL_CONVERSION = YES;
				CLANG_WARN_OBJC_ROOT_CLASS = YES_ERROR;
				CLANG_WARN_QUOTED_INCLUDE_IN_FRAMEWORK_HEADER = YES;
				CLANG_WARN_RANGE_LOOP_ANALYSIS = YES;
				CLANG_WARN_STRICT_PROTOTYPES = YES;
				CLANG_WARN_SUSPICIOUS_MOVE = YES;
				CLANG_WARN_UNGUARDED_AVAILABILITY = YES_AGGRESSIVE;
				CLANG_WARN_UNREACHABLE_CODE = YES;
				CLANG_WARN__DUPLICATE_METHOD_MATCH = YES;
				COPY_PHASE_STRIP = NO;
				DEBUG_INFORMATION_FORMAT = dwarf;
				ENABLE_STRICT_OBJC_MSGSEND = YES;
				ENABLE_TESTABILITY = YES;
				GCC_C_LANGUAGE_STANDARD = gnu11;
				GCC_DYNAMIC_NO_PIC = NO;
				GCC_NO_COMMON_BLOCKS = YES;
				GCC_OPTIMIZATION_LEVEL = 0;
				GCC_PREPROCESSOR_DEFINITIONS = (
					"DEBUG=1",
					"$(inherited)",
				);
				GCC_WARN_64_TO_32_BIT_CONVERSION = YES;
				GCC_WARN_ABOUT_RETURN_TYPE = YES_ERROR;
				GCC_WARN_UNDECLARED_SELECTOR = YES;
				GCC_WARN_UNINITIALIZED_AUTOS = YES_AGGRESSIVE;
				GCC_WARN_UNUSED_FUNCTION = YES;
				GCC_WARN_UNUSED_VARIABLE = YES;
				IPHONEOS_DEPLOYMENT_TARGET = 16.2;
				MTL_ENABLE_DEBUG_INFO = INCLUDE_SOURCE;
				MTL_FAST_MATH = YES;
				ONLY_ACTIVE_ARCH = YES;
				SDKROOT = iphoneos;
				SWIFT_ACTIVE_COMPILATION_CONDITIONS = DEBUG;
				SWIFT_OPTIMIZATION_LEVEL = "-Onone";
			};
			name = Debug;
		};
		18207B8D297AD157000E8EFC /* Release */ = {
			isa = XCBuildConfiguration;
			buildSettings = {
				ALWAYS_SEARCH_USER_PATHS = NO;
				CLANG_ANALYZER_NONNULL = YES;
				CLANG_ANALYZER_NUMBER_OBJECT_CONVERSION = YES_AGGRESSIVE;
				CLANG_CXX_LANGUAGE_STANDARD = "gnu++20";
				CLANG_ENABLE_MODULES = YES;
				CLANG_ENABLE_OBJC_ARC = YES;
				CLANG_ENABLE_OBJC_WEAK = YES;
				CLANG_WARN_BLOCK_CAPTURE_AUTORELEASING = YES;
				CLANG_WARN_BOOL_CONVERSION = YES;
				CLANG_WARN_COMMA = YES;
				CLANG_WARN_CONSTANT_CONVERSION = YES;
				CLANG_WARN_DEPRECATED_OBJC_IMPLEMENTATIONS = YES;
				CLANG_WARN_DIRECT_OBJC_ISA_USAGE = YES_ERROR;
				CLANG_WARN_DOCUMENTATION_COMMENTS = YES;
				CLANG_WARN_EMPTY_BODY = YES;
				CLANG_WARN_ENUM_CONVERSION = YES;
				CLANG_WARN_INFINITE_RECURSION = YES;
				CLANG_WARN_INT_CONVERSION = YES;
				CLANG_WARN_NON_LITERAL_NULL_CONVERSION = YES;
				CLANG_WARN_OBJC_IMPLICIT_RETAIN_SELF = YES;
				CLANG_WARN_OBJC_LITERAL_CONVERSION = YES;
				CLANG_WARN_OBJC_ROOT_CLASS = YES_ERROR;
				CLANG_WARN_QUOTED_INCLUDE_IN_FRAMEWORK_HEADER = YES;
				CLANG_WARN_RANGE_LOOP_ANALYSIS = YES;
				CLANG_WARN_STRICT_PROTOTYPES = YES;
				CLANG_WARN_SUSPICIOUS_MOVE = YES;
				CLANG_WARN_UNGUARDED_AVAILABILITY = YES_AGGRESSIVE;
				CLANG_WARN_UNREACHABLE_CODE = YES;
				CLANG_WARN__DUPLICATE_METHOD_MATCH = YES;
				COPY_PHASE_STRIP = NO;
				DEBUG_INFORMATION_FORMAT = "dwarf-with-dsym";
				ENABLE_NS_ASSERTIONS = NO;
				ENABLE_STRICT_OBJC_MSGSEND = YES;
				GCC_C_LANGUAGE_STANDARD = gnu11;
				GCC_NO_COMMON_BLOCKS = YES;
				GCC_WARN_64_TO_32_BIT_CONVERSION = YES;
				GCC_WARN_ABOUT_RETURN_TYPE = YES_ERROR;
				GCC_WARN_UNDECLARED_SELECTOR = YES;
				GCC_WARN_UNINITIALIZED_AUTOS = YES_AGGRESSIVE;
				GCC_WARN_UNUSED_FUNCTION = YES;
				GCC_WARN_UNUSED_VARIABLE = YES;
				IPHONEOS_DEPLOYMENT_TARGET = 16.2;
				MTL_ENABLE_DEBUG_INFO = NO;
				MTL_FAST_MATH = YES;
				SDKROOT = iphoneos;
				SWIFT_COMPILATION_MODE = wholemodule;
				SWIFT_OPTIMIZATION_LEVEL = "-O";
				VALIDATE_PRODUCT = YES;
			};
			name = Release;
		};
		18207B8F297AD157000E8EFC /* Debug */ = {
			isa = XCBuildConfiguration;
			baseConfigurationReference = 42C3EBD47776177E14FCD421 /* Pods-Cab.debug.xcconfig */;
			buildSettings = {
				ASSETCATALOG_COMPILER_APPICON_NAME = AppIcon;
				ASSETCATALOG_COMPILER_GLOBAL_ACCENT_COLOR_NAME = AccentColor;
				CODE_SIGN_STYLE = Automatic;
				CURRENT_PROJECT_VERSION = 1;
				DEVELOPMENT_TEAM = N84H63QL52;
				GENERATE_INFOPLIST_FILE = YES;
				INFOPLIST_FILE = Cab/SupportFiles/Info.plist;
				INFOPLIST_KEY_UIApplicationSupportsIndirectInputEvents = YES;
				INFOPLIST_KEY_UILaunchStoryboardName = LaunchScreen;
				INFOPLIST_KEY_UIMainStoryboardFile = Main;
				INFOPLIST_KEY_UISupportedInterfaceOrientations_iPad = "UIInterfaceOrientationPortrait UIInterfaceOrientationPortraitUpsideDown UIInterfaceOrientationLandscapeLeft UIInterfaceOrientationLandscapeRight";
				INFOPLIST_KEY_UISupportedInterfaceOrientations_iPhone = "UIInterfaceOrientationPortrait UIInterfaceOrientationLandscapeLeft UIInterfaceOrientationLandscapeRight";
				IPHONEOS_DEPLOYMENT_TARGET = 15.0;
				LD_RUNPATH_SEARCH_PATHS = (
					"$(inherited)",
					"@executable_path/Frameworks",
				);
				MARKETING_VERSION = 1.0;
				PRODUCT_BUNDLE_IDENTIFIER = com.iosdev54.Cab;
				PRODUCT_NAME = "$(TARGET_NAME)";
				SWIFT_EMIT_LOC_STRINGS = YES;
				SWIFT_VERSION = 5.0;
				TARGETED_DEVICE_FAMILY = "1,2";
			};
			name = Debug;
		};
		18207B90297AD157000E8EFC /* Release */ = {
			isa = XCBuildConfiguration;
			baseConfigurationReference = E7E5CD4333DF6CBA9DB7D9BE /* Pods-Cab.release.xcconfig */;
			buildSettings = {
				ASSETCATALOG_COMPILER_APPICON_NAME = AppIcon;
				ASSETCATALOG_COMPILER_GLOBAL_ACCENT_COLOR_NAME = AccentColor;
				CODE_SIGN_STYLE = Automatic;
				CURRENT_PROJECT_VERSION = 1;
				DEVELOPMENT_TEAM = N84H63QL52;
				GENERATE_INFOPLIST_FILE = YES;
				INFOPLIST_FILE = Cab/SupportFiles/Info.plist;
				INFOPLIST_KEY_UIApplicationSupportsIndirectInputEvents = YES;
				INFOPLIST_KEY_UILaunchStoryboardName = LaunchScreen;
				INFOPLIST_KEY_UIMainStoryboardFile = Main;
				INFOPLIST_KEY_UISupportedInterfaceOrientations_iPad = "UIInterfaceOrientationPortrait UIInterfaceOrientationPortraitUpsideDown UIInterfaceOrientationLandscapeLeft UIInterfaceOrientationLandscapeRight";
				INFOPLIST_KEY_UISupportedInterfaceOrientations_iPhone = "UIInterfaceOrientationPortrait UIInterfaceOrientationLandscapeLeft UIInterfaceOrientationLandscapeRight";
				IPHONEOS_DEPLOYMENT_TARGET = 15.0;
				LD_RUNPATH_SEARCH_PATHS = (
					"$(inherited)",
					"@executable_path/Frameworks",
				);
				MARKETING_VERSION = 1.0;
				PRODUCT_BUNDLE_IDENTIFIER = com.iosdev54.Cab;
				PRODUCT_NAME = "$(TARGET_NAME)";
				SWIFT_EMIT_LOC_STRINGS = YES;
				SWIFT_VERSION = 5.0;
				TARGETED_DEVICE_FAMILY = "1,2";
			};
			name = Release;
		};
/* End XCBuildConfiguration section */

/* Begin XCConfigurationList section */
		18207B75297AD155000E8EFC /* Build configuration list for PBXProject "Cab" */ = {
			isa = XCConfigurationList;
			buildConfigurations = (
				18207B8C297AD157000E8EFC /* Debug */,
				18207B8D297AD157000E8EFC /* Release */,
			);
			defaultConfigurationIsVisible = 0;
			defaultConfigurationName = Release;
		};
		18207B8E297AD157000E8EFC /* Build configuration list for PBXNativeTarget "Cab" */ = {
			isa = XCConfigurationList;
			buildConfigurations = (
				18207B8F297AD157000E8EFC /* Debug */,
				18207B90297AD157000E8EFC /* Release */,
			);
			defaultConfigurationIsVisible = 0;
			defaultConfigurationName = Release;
		};
/* End XCConfigurationList section */
	};
	rootObject = 18207B72297AD155000E8EFC /* Project object */;
}
